<?xml version="1.0" encoding="utf-8"?>
<Project ToolsVersion="4.0" xmlns="http://schemas.microsoft.com/developer/msbuild/2003">
  <ItemGroup>
    <Filter Include="Quelldateien">
      <UniqueIdentifier>{4FC737F1-C7A5-4376-A066-2A32D752A2FF}</UniqueIdentifier>
      <Extensions>cpp;c;cc;cxx;c++;cppm;ixx;def;odl;idl;hpj;bat;asm;asmx</Extensions>
    </Filter>
    <Filter Include="Headerdateien">
      <UniqueIdentifier>{93995380-89BD-4b04-88EB-625FBE52EBFB}</UniqueIdentifier>
      <Extensions>h;hh;hpp;hxx;h++;hm;inl;inc;ipp;xsd</Extensions>
    </Filter>
    <Filter Include="Ressourcendateien">
      <UniqueIdentifier>{67DA6AB6-F800-4c08-8B7A-83BB121AAD01}</UniqueIdentifier>
      <Extensions>rc;ico;cur;bmp;dlg;rc2;rct;bin;rgs;gif;jpg;jpeg;jpe;resx;tiff;tif;png;wav;mfcribbon-ms</Extensions>
    </Filter>
    <Filter Include="Quelldateien\asrestwrap">
      <UniqueIdentifier>{081651ac-93e4-44fc-864d-e301671d5049}</UniqueIdentifier>
    </Filter>
    <Filter Include="Quelldateien\asrestwrap\json">
      <UniqueIdentifier>{b4564c46-cfdf-4990-bf0f-f6c80b82bb95}</UniqueIdentifier>
    </Filter>
    <Filter Include="Quelldateien\asrestwrap\common">
      <UniqueIdentifier>{bf1f154e-f7fa-4c82-b258-7333d0e03627}</UniqueIdentifier>
    </Filter>
    <Filter Include="Quelldateien\asrestwrap\pplx">
      <UniqueIdentifier>{710426d7-65bf-4e31-b26a-79c1bd4264fb}</UniqueIdentifier>
    </Filter>
    <Filter Include="Quelldateien\asrestwrap\oauth">
      <UniqueIdentifier>{e5d06af1-41b5-4d52-97e3-6b7b05ee0055}</UniqueIdentifier>
    </Filter>
    <Filter Include="Quelldateien\asrestwrap\utilities">
      <UniqueIdentifier>{64c18380-f924-4327-86ec-e4338f5d8ce1}</UniqueIdentifier>
    </Filter>
    <Filter Include="Quelldateien\asrestwrap\uri">
      <UniqueIdentifier>{0e76301a-2976-4d90-a34e-0b3d67e7d148}</UniqueIdentifier>
    </Filter>
  </ItemGroup>
  <ItemGroup>
    <ClInclude Include="..\asrestwrap\include\http_client.h">
      <Filter>Headerdateien</Filter>
    </ClInclude>
    <ClInclude Include="..\asrestwrap\src\common\string_utils.h">
      <Filter>Headerdateien</Filter>
    </ClInclude>
    <ClInclude Include="..\asrestwrap\src\common\internal_http_helpers.h">
      <Filter>Quelldateien\asrestwrap\common</Filter>
    </ClInclude>
    <ClInclude Include="..\asrestwrap\src\http_client_impl.h">
      <Filter>Headerdateien</Filter>
    </ClInclude>
  </ItemGroup>
  <ItemGroup>
    <ClCompile Include="..\asrestwrap\src\http_client_asio.cpp">
      <Filter>Quelldateien\asrestwrap</Filter>
    </ClCompile>
    <ClCompile Include="..\asrestwrap\src\http_client.cpp">
      <Filter>Quelldateien\asrestwrap</Filter>
    </ClCompile>
    <ClCompile Include="..\asrestwrap\src\uri\uri.cpp">
      <Filter>Quelldateien\asrestwrap\uri</Filter>
    </ClCompile>
    <ClCompile Include="..\asrestwrap\src\uri\uri_builder.cpp">
      <Filter>Quelldateien\asrestwrap\uri</Filter>
    </ClCompile>
    <ClCompile Include="..\asrestwrap\src\uri\uri_parser.cpp">
      <Filter>Quelldateien\asrestwrap\uri</Filter>
    </ClCompile>
    <ClCompile Include="..\asrestwrap\src\json\json.cpp">
      <Filter>Quelldateien\asrestwrap\json</Filter>
    </ClCompile>
    <ClCompile Include="..\asrestwrap\src\json\json_parsing.cpp">
      <Filter>Quelldateien\asrestwrap\json</Filter>
    </ClCompile>
    <ClCompile Include="..\asrestwrap\src\json\json_serialization.cpp">
      <Filter>Quelldateien\asrestwrap\json</Filter>
    </ClCompile>
    <ClCompile Include="..\asrestwrap\src\common\http_helpers.cpp">
      <Filter>Quelldateien\asrestwrap\common</Filter>
    </ClCompile>
    <ClCompile Include="..\asrestwrap\src\common\http_msg.cpp">
      <Filter>Quelldateien\asrestwrap\common</Filter>
    </ClCompile>
    <ClCompile Include="..\asrestwrap\src\utilities\asyncrt_utils.cpp">
      <Filter>Quelldateien\asrestwrap\utilities</Filter>
    </ClCompile>
    <ClCompile Include="..\asrestwrap\src\utilities\base64.cpp">
      <Filter>Quelldateien\asrestwrap\utilities</Filter>
    </ClCompile>
    <ClCompile Include="..\asrestwrap\src\utilities\web_utilities.cpp">
      <Filter>Quelldateien\asrestwrap\utilities</Filter>
    </ClCompile>
    <ClCompile Include="..\asrestwrap\src\http_client_msg.cpp">
      <Filter>Quelldateien\asrestwrap</Filter>
    </ClCompile>
    <ClCompile Include="..\asrestwrap\src\oauth\oauth1.cpp">
      <Filter>Quelldateien\asrestwrap\oauth</Filter>
    </ClCompile>
    <ClCompile Include="..\asrestwrap\src\oauth\oauth2.cpp">
      <Filter>Quelldateien\asrestwrap\oauth</Filter>
    </ClCompile>
    <ClCompile Include="..\asrestwrap\src\pplx\threadpool.cpp">
      <Filter>Quelldateien\asrestwrap\pplx</Filter>
    </ClCompile>
    <ClCompile Include="..\exxamples\basic_example.cpp">
      <Filter>Quelldateien</Filter>
    </ClCompile>
  </ItemGroup>
</Project>